
Microsoft Visual Studio Solution File, Format Version 12.00
# Visual Studio Version 17
VisualStudioVersion = 17.14.36915.13 d17.14
MinimumVisualStudioVersion = 10.0.40219.1
Project("{FAE04EC0-301F-11D3-BF4B-00C04F79EFBC}") = "ToDoApp", "ToDoApp\ToDoApp.csproj", "{B2C8F52F-3D20-40A4-BEF0-A65624DB6F49}"
EndProject
Global
	GlobalSection(SolutionConfigurationPlatforms) = preSolution
		Debug|Any CPU = Debug|Any CPU
		Release|Any CPU = Release|Any CPU
	EndGlobalSection
	GlobalSection(ProjectConfigurationPlatforms) = postSolution
		{B2C8F52F-3D20-40A4-BEF0-A65624DB6F49}.Debug|Any CPU.ActiveCfg = Debug|Any CPU
		{B2C8F52F-3D20-40A4-BEF0-A65624DB6F49}.Debug|Any CPU.Build.0 = Debug|Any CPU
		{B2C8F52F-3D20-40A4-BEF0-A65624DB6F49}.Release|Any CPU.ActiveCfg = Release|Any CPU
		{B2C8F52F-3D20-40A4-BEF0-A65624DB6F49}.Release|Any CPU.Build.0 = Release|Any CPU
	EndGlobalSection
	GlobalSection(SolutionProperties) = preSolution
		HideSolutionNode = FALSE
	EndGlobalSection
	GlobalSection(ExtensibilityGlobals) = postSolution
		SolutionGuid = {06136172-958D-4038-BAE5-DEFE2756D479}
	EndGlobalSection
EndGlobal
